
Microsoft Visual Studio Solution File, Format Version 12.00
# Visual Studio 15
VisualStudioVersion = 15.0.26724.1
MinimumVisualStudioVersion = 10.0.40219.1
Project("{FAE04EC0-301F-11D3-BF4B-00C04F79EFBC}") = "Kata20170731_MultiplesOfThreeAndFive", "Kata20170731_MultiplesOfThreeAndFive\Kata20170731_MultiplesOfThreeAndFive.csproj", "{D228471E-3D51-46B5-9B8C-6E7C4BDC1608}"
EndProject
Global
	GlobalSection(SolutionConfigurationPlatforms) = preSolution
		Debug|Any CPU = Debug|Any CPU
		Release|Any CPU = Release|Any CPU
	EndGlobalSection
	GlobalSection(ProjectConfigurationPlatforms) = postSolution
		{D228471E-3D51-46B5-9B8C-6E7C4BDC1608}.Debug|Any CPU.ActiveCfg = Debug|Any CPU
		{D228471E-3D51-46B5-9B8C-6E7C4BDC1608}.Debug|Any CPU.Build.0 = Debug|Any CPU
		{D228471E-3D51-46B5-9B8C-6E7C4BDC1608}.Release|Any CPU.ActiveCfg = Release|Any CPU
		{D228471E-3D51-46B5-9B8C-6E7C4BDC1608}.Release|Any CPU.Build.0 = Release|Any CPU
	EndGlobalSection
	GlobalSection(SolutionProperties) = preSolution
		HideSolutionNode = FALSE
	EndGlobalSection
	GlobalSection(ExtensibilityGlobals) = postSolution
		SolutionGuid = {5ED7F153-E1C5-467B-BD6E-56F5761CEFB4}
	EndGlobalSection
	GlobalSection(CodealikeProperties) = postSolution
		SolutionGuid = 94802089-bb7d-4813-b683-c57a1cba57a9
	EndGlobalSection
EndGlobal
